// !$*UTF8*$!
{
	archiveVersion = 1;
	classes = {
	};
	objectVersion = 46;
	objects = {

/* Begin PBXBuildFile section */
		C4121A61144B3EFD0088F701 /* TFCapturePixelFormatConversions.c in Sources */ = {isa = PBXBuildFile; fileRef = C4121A57144B3EFD0088F701 /* TFCapturePixelFormatConversions.c */; };
		C4121A62144B3EFD0088F701 /* TFLibDC1394Capture.m in Sources */ = {isa = PBXBuildFile; fileRef = C4121A5C144B3EFD0088F701 /* TFLibDC1394Capture.m */; };
		C4121A63144B3EFD0088F701 /* TFLibDC1394Capture+CIImageFromDc1394Frame.m in Sources */ = {isa = PBXBuildFile; fileRef = C4121A5E144B3EFD0088F701 /* TFLibDC1394Capture+CIImageFromDc1394Frame.m */; };
		C4121A66144B3F150088F701 /* SICError.m in Sources */ = {isa = PBXBuildFile; fileRef = C4121A65144B3F150088F701 /* SICError.m */; };
		C4121A74144B41020088F701 /* MainWindowController.xib in Resources */ = {isa = PBXBuildFile; fileRef = C4121A73144B41020088F701 /* MainWindowController.xib */; };
		C4121A78144B41740088F701 /* MainWindowController.m in Sources */ = {isa = PBXBuildFile; fileRef = C4121A77144B41740088F701 /* MainWindowController.m */; };
		C4195787144B376700338631 /* Cocoa.framework in Frameworks */ = {isa = PBXBuildFile; fileRef = C4195786144B376700338631 /* Cocoa.framework */; };
		C4195791144B376700338631 /* InfoPlist.strings in Resources */ = {isa = PBXBuildFile; fileRef = C419578F144B376700338631 /* InfoPlist.strings */; };
		C4195793144B376700338631 /* main.m in Sources */ = {isa = PBXBuildFile; fileRef = C4195792144B376700338631 /* main.m */; };
		C4195797144B376700338631 /* Credits.rtf in Resources */ = {isa = PBXBuildFile; fileRef = C4195795144B376700338631 /* Credits.rtf */; };
		C419579A144B376700338631 /* SyIIDCAppDelegate.m in Sources */ = {isa = PBXBuildFile; fileRef = C4195799144B376700338631 /* SyIIDCAppDelegate.m */; };
		C419579D144B376700338631 /* MainMenu.xib in Resources */ = {isa = PBXBuildFile; fileRef = C419579B144B376700338631 /* MainMenu.xib */; };
		C41957A5144B376700338631 /* SenTestingKit.framework in Frameworks */ = {isa = PBXBuildFile; fileRef = C41957A4144B376700338631 /* SenTestingKit.framework */; };
		C41957A6144B376700338631 /* Cocoa.framework in Frameworks */ = {isa = PBXBuildFile; fileRef = C4195786144B376700338631 /* Cocoa.framework */; };
		C41957AE144B376700338631 /* InfoPlist.strings in Resources */ = {isa = PBXBuildFile; fileRef = C41957AC144B376700338631 /* InfoPlist.strings */; };
		C41957B1144B376700338631 /* SyphonIIDCServerTests.m in Sources */ = {isa = PBXBuildFile; fileRef = C41957B0144B376700338631 /* SyphonIIDCServerTests.m */; };
		C41957BE144B37B000338631 /* KOpenGLView.m in Sources */ = {isa = PBXBuildFile; fileRef = C41957BD144B37B000338631 /* KOpenGLView.m */; };
		C41957C1144B37BF00338631 /* TFThreadMessagingQueue.m in Sources */ = {isa = PBXBuildFile; fileRef = C41957C0144B37BF00338631 /* TFThreadMessagingQueue.m */; };
		C41957C3144B380900338631 /* OpenGL.framework in Frameworks */ = {isa = PBXBuildFile; fileRef = C41957C2144B380900338631 /* OpenGL.framework */; };
		C436E597144C91DE00CF26C7 /* KCanvas.m in Sources */ = {isa = PBXBuildFile; fileRef = C436E594144C91DE00CF26C7 /* KCanvas.m */; };
		C436E598144C91DE00CF26C7 /* KCVBufferPool.m in Sources */ = {isa = PBXBuildFile; fileRef = C436E596144C91DE00CF26C7 /* KCVBufferPool.m */; };
		C436E59B144C925B00CF26C7 /* KBO.m in Sources */ = {isa = PBXBuildFile; fileRef = C436E59A144C925B00CF26C7 /* KBO.m */; };
		C436E59E144CA0FE00CF26C7 /* IIDCCameraController.m in Sources */ = {isa = PBXBuildFile; fileRef = C436E59D144CA0FE00CF26C7 /* IIDCCameraController.m */; };
		C4FEFD8E144E063800E2DDB4 /* SimpleServerGLView.m in Sources */ = {isa = PBXBuildFile; fileRef = C4FEFD8D144E063800E2DDB4 /* SimpleServerGLView.m */; };
		CD2F95A8192D1773001CB609 /* Syphon.framework in Frameworks */ = {isa = PBXBuildFile; fileRef = CD2F95A7192D1773001CB609 /* Syphon.framework */; };
		CD2F95A9192D1776001CB609 /* Syphon.framework in Copy Frameworks */ = {isa = PBXBuildFile; fileRef = CD2F95A7192D1773001CB609 /* Syphon.framework */; };
		CD2F95AC192D180E001CB609 /* StatusItemManager.m in Sources */ = {isa = PBXBuildFile; fileRef = CD2F95AB192D180E001CB609 /* StatusItemManager.m */; };
		CD2F95AE192D1930001CB609 /* shape_red.png in Resources */ = {isa = PBXBuildFile; fileRef = CD2F95AD192D1930001CB609 /* shape_red.png */; };
		CD2F95B0192D29BD001CB609 /* StatusItemMenu.xib in Resources */ = {isa = PBXBuildFile; fileRef = CD2F95AF192D29BD001CB609 /* StatusItemMenu.xib */; };
		CD4D13BA1933D85000443E81 /* IIDCContext.m in Sources */ = {isa = PBXBuildFile; fileRef = CD4D13B91933D85000443E81 /* IIDCContext.m */; };
		CD4D13BD1933DCC100443E81 /* IIDCCamera.m in Sources */ = {isa = PBXBuildFile; fileRef = CD4D13BC1933DCC100443E81 /* IIDCCamera.m */; };
		CD4D13C4193678F000443E81 /* libdc1394.22.dylib in Frameworks */ = {isa = PBXBuildFile; fileRef = CD4D13C3193678F000443E81 /* libdc1394.22.dylib */; };
		CD4D13C5193678F500443E81 /* libdc1394.22.dylib in Copy Frameworks */ = {isa = PBXBuildFile; fileRef = CD4D13C3193678F000443E81 /* libdc1394.22.dylib */; };
		CD79EF171510992600D3AC18 /* QuartzCore.framework in Frameworks */ = {isa = PBXBuildFile; fileRef = CD79EF161510992600D3AC18 /* QuartzCore.framework */; };
		CD79EF191510994100D3AC18 /* Accelerate.framework in Frameworks */ = {isa = PBXBuildFile; fileRef = CD79EF181510994100D3AC18 /* Accelerate.framework */; };
		CDB76ECA193B87BB008E92BD /* SettingsWindow.xib in Resources */ = {isa = PBXBuildFile; fileRef = CDB76EC9193B87BB008E92BD /* SettingsWindow.xib */; };
		CDB76ECD193B87FB008E92BD /* SettingsWindowController.m in Sources */ = {isa = PBXBuildFile; fileRef = CDB76ECC193B87FB008E92BD /* SettingsWindowController.m */; };
		CDB76ED3193B9D8C008E92BD /* FeatureControlTableCellView.m in Sources */ = {isa = PBXBuildFile; fileRef = CDB76ED2193B9D8C008E92BD /* FeatureControlTableCellView.m */; };
		CDB76ED6193BA12D008E92BD /* IIDCCamera+KVO.m in Sources */ = {isa = PBXBuildFile; fileRef = CDB76ED5193BA12D008E92BD /* IIDCCamera+KVO.m */; };
		CDB76ED9193BA51E008E92BD /* NSStringToNSNumberValueTransformer.m in Sources */ = {isa = PBXBuildFile; fileRef = CDB76ED8193BA51E008E92BD /* NSStringToNSNumberValueTransformer.m */; };
		CDB76EDB193E32CB008E92BD /* GLKit.framework in Frameworks */ = {isa = PBXBuildFile; fileRef = CDB76EDA193E32CB008E92BD /* GLKit.framework */; };
		CDB76EDF193E38CD008E92BD /* DC1394FrameUploader.m in Sources */ = {isa = PBXBuildFile; fileRef = CDB76EDE193E38CD008E92BD /* DC1394FrameUploader.m */; };
		CDD9D3D4193A11EF008DB524 /* IIDCCaptureSession.m in Sources */ = {isa = PBXBuildFile; fileRef = CDD9D3D3193A11EF008DB524 /* IIDCCaptureSession.m */; };
/* End PBXBuildFile section */

/* Begin PBXContainerItemProxy section */
		C41957A7144B376700338631 /* PBXContainerItemProxy */ = {
			isa = PBXContainerItemProxy;
			containerPortal = C4195779144B376600338631 /* Project object */;
			proxyType = 1;
			remoteGlobalIDString = C4195781144B376700338631;
			remoteInfo = SyphonIIDCServer;
		};
/* End PBXContainerItemProxy section */

/* Begin PBXCopyFilesBuildPhase section */
		C48705C5144CBAE700B5A460 /* Copy Frameworks */ = {
			isa = PBXCopyFilesBuildPhase;
			buildActionMask = 12;
			dstPath = "";
			dstSubfolderSpec = 10;
			files = (
				CD2F95A9192D1776001CB609 /* Syphon.framework in Copy Frameworks */,
				CD4D13C5193678F500443E81 /* libdc1394.22.dylib in Copy Frameworks */,
			);
			name = "Copy Frameworks";
			runOnlyForDeploymentPostprocessing = 0;
		};
/* End PBXCopyFilesBuildPhase section */

/* Begin PBXFileReference section */
		C4121A57144B3EFD0088F701 /* TFCapturePixelFormatConversions.c */ = {isa = PBXFileReference; fileEncoding = 4; lastKnownFileType = sourcecode.c.c; path = TFCapturePixelFormatConversions.c; sourceTree = "<group>"; };
		C4121A58144B3EFD0088F701 /* TFCapturePixelFormatConversions.h */ = {isa = PBXFileReference; fileEncoding = 4; lastKnownFileType = sourcecode.c.h; path = TFCapturePixelFormatConversions.h; sourceTree = "<group>"; };
		C4121A59144B3EFD0088F701 /* TFExceptions.h */ = {isa = PBXFileReference; fileEncoding = 4; lastKnownFileType = sourcecode.c.h; path = TFExceptions.h; sourceTree = "<group>"; };
		C4121A5A144B3EFD0088F701 /* TFIncludes.h */ = {isa = PBXFileReference; fileEncoding = 4; lastKnownFileType = sourcecode.c.h; path = TFIncludes.h; sourceTree = "<group>"; };
		C4121A5B144B3EFD0088F701 /* TFLibDC1394Capture.h */ = {isa = PBXFileReference; fileEncoding = 4; lastKnownFileType = sourcecode.c.h; path = TFLibDC1394Capture.h; sourceTree = "<group>"; };
		C4121A5C144B3EFD0088F701 /* TFLibDC1394Capture.m */ = {isa = PBXFileReference; fileEncoding = 4; lastKnownFileType = sourcecode.c.objc; path = TFLibDC1394Capture.m; sourceTree = "<group>"; };
		C4121A5D144B3EFD0088F701 /* TFLibDC1394Capture+CIImageFromDc1394Frame.h */ = {isa = PBXFileReference; fileEncoding = 4; lastKnownFileType = sourcecode.c.h; path = "TFLibDC1394Capture+CIImageFromDc1394Frame.h"; sourceTree = "<group>"; };
		C4121A5E144B3EFD0088F701 /* TFLibDC1394Capture+CIImageFromDc1394Frame.m */ = {isa = PBXFileReference; fileEncoding = 4; lastKnownFileType = sourcecode.c.objc; path = "TFLibDC1394Capture+CIImageFromDc1394Frame.m"; sourceTree = "<group>"; };
		C4121A5F144B3EFD0088F701 /* TFLocalization.h */ = {isa = PBXFileReference; fileEncoding = 4; lastKnownFileType = sourcecode.c.h; path = TFLocalization.h; sourceTree = "<group>"; };
		C4121A64144B3F150088F701 /* SICError.h */ = {isa = PBXFileReference; fileEncoding = 4; lastKnownFileType = sourcecode.c.h; path = SICError.h; sourceTree = "<group>"; };
		C4121A65144B3F150088F701 /* SICError.m */ = {isa = PBXFileReference; fileEncoding = 4; lastKnownFileType = sourcecode.c.objc; path = SICError.m; sourceTree = "<group>"; };
		C4121A73144B41020088F701 /* MainWindowController.xib */ = {isa = PBXFileReference; fileEncoding = 4; lastKnownFileType = file.xib; path = MainWindowController.xib; sourceTree = "<group>"; };
		C4121A76144B41740088F701 /* MainWindowController.h */ = {isa = PBXFileReference; fileEncoding = 4; lastKnownFileType = sourcecode.c.h; path = MainWindowController.h; sourceTree = "<group>"; };
		C4121A77144B41740088F701 /* MainWindowController.m */ = {isa = PBXFileReference; fileEncoding = 4; lastKnownFileType = sourcecode.c.objc; path = MainWindowController.m; sourceTree = "<group>"; };
		C4195782144B376700338631 /* SyphonIIDCServer.app */ = {isa = PBXFileReference; explicitFileType = wrapper.application; includeInIndex = 0; path = SyphonIIDCServer.app; sourceTree = BUILT_PRODUCTS_DIR; };
		C4195786144B376700338631 /* Cocoa.framework */ = {isa = PBXFileReference; lastKnownFileType = wrapper.framework; name = Cocoa.framework; path = System/Library/Frameworks/Cocoa.framework; sourceTree = SDKROOT; };
		C4195789144B376700338631 /* AppKit.framework */ = {isa = PBXFileReference; lastKnownFileType = wrapper.framework; name = AppKit.framework; path = System/Library/Frameworks/AppKit.framework; sourceTree = SDKROOT; };
		C419578B144B376700338631 /* Foundation.framework */ = {isa = PBXFileReference; lastKnownFileType = wrapper.framework; name = Foundation.framework; path = System/Library/Frameworks/Foundation.framework; sourceTree = SDKROOT; };
		C419578E144B376700338631 /* SyphonIIDCServer-Info.plist */ = {isa = PBXFileReference; lastKnownFileType = text.plist.xml; path = "SyphonIIDCServer-Info.plist"; sourceTree = "<group>"; };
		C4195790144B376700338631 /* en */ = {isa = PBXFileReference; lastKnownFileType = text.plist.strings; name = en; path = en.lproj/InfoPlist.strings; sourceTree = "<group>"; };
		C4195792144B376700338631 /* main.m */ = {isa = PBXFileReference; lastKnownFileType = sourcecode.c.objc; path = main.m; sourceTree = "<group>"; };
		C4195794144B376700338631 /* SyphonIIDCServer-Prefix.pch */ = {isa = PBXFileReference; lastKnownFileType = sourcecode.c.h; path = "SyphonIIDCServer-Prefix.pch"; sourceTree = "<group>"; };
		C4195796144B376700338631 /* en */ = {isa = PBXFileReference; lastKnownFileType = text.rtf; name = en; path = en.lproj/Credits.rtf; sourceTree = "<group>"; };
		C4195798144B376700338631 /* SyIIDCAppDelegate.h */ = {isa = PBXFileReference; lastKnownFileType = sourcecode.c.h; path = SyIIDCAppDelegate.h; sourceTree = "<group>"; };
		C4195799144B376700338631 /* SyIIDCAppDelegate.m */ = {isa = PBXFileReference; lastKnownFileType = sourcecode.c.objc; path = SyIIDCAppDelegate.m; sourceTree = "<group>"; };
		C419579C144B376700338631 /* en */ = {isa = PBXFileReference; lastKnownFileType = file.xib; name = en; path = en.lproj/MainMenu.xib; sourceTree = "<group>"; };
		C41957A3144B376700338631 /* SyphonIIDCServerTests.octest */ = {isa = PBXFileReference; explicitFileType = wrapper.cfbundle; includeInIndex = 0; path = SyphonIIDCServerTests.octest; sourceTree = BUILT_PRODUCTS_DIR; };
		C41957A4144B376700338631 /* SenTestingKit.framework */ = {isa = PBXFileReference; lastKnownFileType = wrapper.framework; name = SenTestingKit.framework; path = Library/Frameworks/SenTestingKit.framework; sourceTree = DEVELOPER_DIR; };
		C41957AB144B376700338631 /* SyphonIIDCServerTests-Info.plist */ = {isa = PBXFileReference; lastKnownFileType = text.plist.xml; path = "SyphonIIDCServerTests-Info.plist"; sourceTree = "<group>"; };
		C41957AD144B376700338631 /* en */ = {isa = PBXFileReference; lastKnownFileType = text.plist.strings; name = en; path = en.lproj/InfoPlist.strings; sourceTree = "<group>"; };
		C41957AF144B376700338631 /* SyphonIIDCServerTests.h */ = {isa = PBXFileReference; lastKnownFileType = sourcecode.c.h; path = SyphonIIDCServerTests.h; sourceTree = "<group>"; };
		C41957B0144B376700338631 /* SyphonIIDCServerTests.m */ = {isa = PBXFileReference; lastKnownFileType = sourcecode.c.objc; path = SyphonIIDCServerTests.m; sourceTree = "<group>"; };
		C41957BC144B37B000338631 /* KOpenGLView.h */ = {isa = PBXFileReference; fileEncoding = 4; lastKnownFileType = sourcecode.c.h; path = KOpenGLView.h; sourceTree = "<group>"; };
		C41957BD144B37B000338631 /* KOpenGLView.m */ = {isa = PBXFileReference; fileEncoding = 4; lastKnownFileType = sourcecode.c.objc; path = KOpenGLView.m; sourceTree = "<group>"; };
		C41957BF144B37BF00338631 /* TFThreadMessagingQueue.h */ = {isa = PBXFileReference; fileEncoding = 4; lastKnownFileType = sourcecode.c.h; path = TFThreadMessagingQueue.h; sourceTree = "<group>"; };
		C41957C0144B37BF00338631 /* TFThreadMessagingQueue.m */ = {isa = PBXFileReference; fileEncoding = 4; lastKnownFileType = sourcecode.c.objc; path = TFThreadMessagingQueue.m; sourceTree = "<group>"; };
		C41957C2144B380900338631 /* OpenGL.framework */ = {isa = PBXFileReference; lastKnownFileType = wrapper.framework; name = OpenGL.framework; path = System/Library/Frameworks/OpenGL.framework; sourceTree = SDKROOT; };
		C436E593144C91DE00CF26C7 /* KCanvas.h */ = {isa = PBXFileReference; fileEncoding = 4; lastKnownFileType = sourcecode.c.h; path = KCanvas.h; sourceTree = "<group>"; };
		C436E594144C91DE00CF26C7 /* KCanvas.m */ = {isa = PBXFileReference; fileEncoding = 4; lastKnownFileType = sourcecode.c.objc; path = KCanvas.m; sourceTree = "<group>"; };
		C436E595144C91DE00CF26C7 /* KCVBufferPool.h */ = {isa = PBXFileReference; fileEncoding = 4; lastKnownFileType = sourcecode.c.h; path = KCVBufferPool.h; sourceTree = "<group>"; };
		C436E596144C91DE00CF26C7 /* KCVBufferPool.m */ = {isa = PBXFileReference; fileEncoding = 4; lastKnownFileType = sourcecode.c.objc; path = KCVBufferPool.m; sourceTree = "<group>"; };
		C436E599144C925B00CF26C7 /* KBO.h */ = {isa = PBXFileReference; fileEncoding = 4; lastKnownFileType = sourcecode.c.h; path = KBO.h; sourceTree = "<group>"; };
		C436E59A144C925B00CF26C7 /* KBO.m */ = {isa = PBXFileReference; fileEncoding = 4; lastKnownFileType = sourcecode.c.objc; path = KBO.m; sourceTree = "<group>"; };
		C436E59C144CA0FE00CF26C7 /* IIDCCameraController.h */ = {isa = PBXFileReference; fileEncoding = 4; lastKnownFileType = sourcecode.c.h; path = IIDCCameraController.h; sourceTree = "<group>"; };
		C436E59D144CA0FE00CF26C7 /* IIDCCameraController.m */ = {isa = PBXFileReference; fileEncoding = 4; lastKnownFileType = sourcecode.c.objc; path = IIDCCameraController.m; sourceTree = "<group>"; };
		C4FEFD8C144E063800E2DDB4 /* SimpleServerGLView.h */ = {isa = PBXFileReference; fileEncoding = 4; lastKnownFileType = sourcecode.c.h; path = SimpleServerGLView.h; sourceTree = "<group>"; };
		C4FEFD8D144E063800E2DDB4 /* SimpleServerGLView.m */ = {isa = PBXFileReference; fileEncoding = 4; lastKnownFileType = sourcecode.c.objc; path = SimpleServerGLView.m; sourceTree = "<group>"; };
		C4FEFD90144E066500E2DDB4 /* SimpleServerTextureSource.h */ = {isa = PBXFileReference; fileEncoding = 4; lastKnownFileType = sourcecode.c.h; path = SimpleServerTextureSource.h; sourceTree = "<group>"; };
		CD2F95A7192D1773001CB609 /* Syphon.framework */ = {isa = PBXFileReference; lastKnownFileType = wrapper.framework; name = Syphon.framework; path = Frameworks/Syphon.framework; sourceTree = "<group>"; };
		CD2F95AA192D180E001CB609 /* StatusItemManager.h */ = {isa = PBXFileReference; fileEncoding = 4; lastKnownFileType = sourcecode.c.h; path = StatusItemManager.h; sourceTree = "<group>"; };
		CD2F95AB192D180E001CB609 /* StatusItemManager.m */ = {isa = PBXFileReference; fileEncoding = 4; lastKnownFileType = sourcecode.c.objc; path = StatusItemManager.m; sourceTree = "<group>"; };
		CD2F95AD192D1930001CB609 /* shape_red.png */ = {isa = PBXFileReference; lastKnownFileType = image.png; path = shape_red.png; sourceTree = "<group>"; };
		CD2F95AF192D29BD001CB609 /* StatusItemMenu.xib */ = {isa = PBXFileReference; fileEncoding = 4; lastKnownFileType = file.xib; name = StatusItemMenu.xib; path = SyphonIIDCServer/StatusItemMenu.xib; sourceTree = "<group>"; };
		CD4D13B81933D85000443E81 /* IIDCContext.h */ = {isa = PBXFileReference; fileEncoding = 4; lastKnownFileType = sourcecode.c.h; path = IIDCContext.h; sourceTree = "<group>"; };
		CD4D13B91933D85000443E81 /* IIDCContext.m */ = {isa = PBXFileReference; fileEncoding = 4; lastKnownFileType = sourcecode.c.objc; path = IIDCContext.m; sourceTree = "<group>"; };
		CD4D13BB1933DCC100443E81 /* IIDCCamera.h */ = {isa = PBXFileReference; fileEncoding = 4; lastKnownFileType = sourcecode.c.h; path = IIDCCamera.h; sourceTree = "<group>"; };
		CD4D13BC1933DCC100443E81 /* IIDCCamera.m */ = {isa = PBXFileReference; fileEncoding = 4; lastKnownFileType = sourcecode.c.objc; path = IIDCCamera.m; sourceTree = "<group>"; };
		CD4D13BE193678BB00443E81 /* libdc1394.dylib */ = {isa = PBXFileReference; lastKnownFileType = "compiled.mach-o.dylib"; name = libdc1394.dylib; path = Frameworks/libdc1394/libdc1394.dylib; sourceTree = "<group>"; };
		CD4D13C3193678F000443E81 /* libdc1394.22.dylib */ = {isa = PBXFileReference; lastKnownFileType = "compiled.mach-o.dylib"; name = libdc1394.22.dylib; path = Frameworks/libdc1394/libdc1394.22.dylib; sourceTree = "<group>"; };
		CD4D151B1937A25900443E81 /* camwire.c */ = {isa = PBXFileReference; fileEncoding = 4; lastKnownFileType = sourcecode.c.c; path = camwire.c; sourceTree = "<group>"; };
		CD4D151C1937A25900443E81 /* camwire.h */ = {isa = PBXFileReference; fileEncoding = 4; lastKnownFileType = sourcecode.c.h; path = camwire.h; sourceTree = "<group>"; };
		CD4D151D1937A25900443E81 /* camwire_config.h */ = {isa = PBXFileReference; fileEncoding = 4; lastKnownFileType = sourcecode.c.h; path = camwire_config.h; sourceTree = "<group>"; };
		CD4D151E1937A25900443E81 /* camwire_config.h.in */ = {isa = PBXFileReference; fileEncoding = 4; lastKnownFileType = text; path = camwire_config.h.in; sourceTree = "<group>"; };
		CD4D151F1937A25900443E81 /* camwire_handle.h */ = {isa = PBXFileReference; fileEncoding = 4; lastKnownFileType = sourcecode.c.h; path = camwire_handle.h; sourceTree = "<group>"; };
		CD4D15201937A25900443E81 /* camwirebus.c */ = {isa = PBXFileReference; fileEncoding = 4; lastKnownFileType = sourcecode.c.c; path = camwirebus.c; sourceTree = "<group>"; };
		CD4D15211937A25900443E81 /* camwirebus.h */ = {isa = PBXFileReference; fileEncoding = 4; lastKnownFileType = sourcecode.c.h; path = camwirebus.h; sourceTree = "<group>"; };
		CD4D15221937A25900443E81 /* camwiremacros.h */ = {isa = PBXFileReference; fileEncoding = 4; lastKnownFileType = sourcecode.c.h; path = camwiremacros.h; sourceTree = "<group>"; };
		CD4D15231937A25900443E81 /* CMakeLists.txt */ = {isa = PBXFileReference; fileEncoding = 4; lastKnownFileType = text; path = CMakeLists.txt; sourceTree = "<group>"; };
		CD79EF141510991A00D3AC18 /* Quartz.framework */ = {isa = PBXFileReference; lastKnownFileType = wrapper.framework; name = Quartz.framework; path = System/Library/Frameworks/Quartz.framework; sourceTree = SDKROOT; };
		CD79EF161510992600D3AC18 /* QuartzCore.framework */ = {isa = PBXFileReference; lastKnownFileType = wrapper.framework; name = QuartzCore.framework; path = System/Library/Frameworks/QuartzCore.framework; sourceTree = SDKROOT; };
		CD79EF181510994100D3AC18 /* Accelerate.framework */ = {isa = PBXFileReference; lastKnownFileType = wrapper.framework; name = Accelerate.framework; path = System/Library/Frameworks/Accelerate.framework; sourceTree = SDKROOT; };
		CDA1F3A41621C43B00D6BCEC /* libdc1394.dylib */ = {isa = PBXFileReference; lastKnownFileType = "compiled.mach-o.dylib"; name = libdc1394.dylib; path = Frameworks/libdc1394/libdc1394.dylib; sourceTree = SOURCE_ROOT; };
		CDB76EC9193B87BB008E92BD /* SettingsWindow.xib */ = {isa = PBXFileReference; fileEncoding = 4; lastKnownFileType = file.xib; name = SettingsWindow.xib; path = SyphonIIDCServer/SettingsWindow.xib; sourceTree = "<group>"; };
		CDB76ECB193B87FB008E92BD /* SettingsWindowController.h */ = {isa = PBXFileReference; fileEncoding = 4; lastKnownFileType = sourcecode.c.h; path = SettingsWindowController.h; sourceTree = "<group>"; };
		CDB76ECC193B87FB008E92BD /* SettingsWindowController.m */ = {isa = PBXFileReference; fileEncoding = 4; lastKnownFileType = sourcecode.c.objc; path = SettingsWindowController.m; sourceTree = "<group>"; };
		CDB76ED1193B9D8C008E92BD /* FeatureControlTableCellView.h */ = {isa = PBXFileReference; fileEncoding = 4; lastKnownFileType = sourcecode.c.h; path = FeatureControlTableCellView.h; sourceTree = "<group>"; };
		CDB76ED2193B9D8C008E92BD /* FeatureControlTableCellView.m */ = {isa = PBXFileReference; fileEncoding = 4; lastKnownFileType = sourcecode.c.objc; path = FeatureControlTableCellView.m; sourceTree = "<group>"; };
		CDB76ED4193BA12D008E92BD /* IIDCCamera+KVO.h */ = {isa = PBXFileReference; fileEncoding = 4; lastKnownFileType = sourcecode.c.h; path = "IIDCCamera+KVO.h"; sourceTree = "<group>"; };
		CDB76ED5193BA12D008E92BD /* IIDCCamera+KVO.m */ = {isa = PBXFileReference; fileEncoding = 4; lastKnownFileType = sourcecode.c.objc; path = "IIDCCamera+KVO.m"; sourceTree = "<group>"; };
		CDB76ED7193BA51E008E92BD /* NSStringToNSNumberValueTransformer.h */ = {isa = PBXFileReference; fileEncoding = 4; lastKnownFileType = sourcecode.c.h; path = NSStringToNSNumberValueTransformer.h; sourceTree = "<group>"; };
		CDB76ED8193BA51E008E92BD /* NSStringToNSNumberValueTransformer.m */ = {isa = PBXFileReference; fileEncoding = 4; lastKnownFileType = sourcecode.c.objc; path = NSStringToNSNumberValueTransformer.m; sourceTree = "<group>"; };
		CDB76EDA193E32CB008E92BD /* GLKit.framework */ = {isa = PBXFileReference; lastKnownFileType = wrapper.framework; name = GLKit.framework; path = System/Library/Frameworks/GLKit.framework; sourceTree = SDKROOT; };
		CDB76EDD193E38CD008E92BD /* DC1394FrameUploader.h */ = {isa = PBXFileReference; fileEncoding = 4; lastKnownFileType = sourcecode.c.h; path = DC1394FrameUploader.h; sourceTree = "<group>"; };
		CDB76EDE193E38CD008E92BD /* DC1394FrameUploader.m */ = {isa = PBXFileReference; fileEncoding = 4; lastKnownFileType = sourcecode.c.objc; path = DC1394FrameUploader.m; sourceTree = "<group>"; };
		CDD9D3D2193A11EF008DB524 /* IIDCCaptureSession.h */ = {isa = PBXFileReference; fileEncoding = 4; lastKnownFileType = sourcecode.c.h; path = IIDCCaptureSession.h; sourceTree = "<group>"; };
		CDD9D3D3193A11EF008DB524 /* IIDCCaptureSession.m */ = {isa = PBXFileReference; fileEncoding = 4; lastKnownFileType = sourcecode.c.objc; path = IIDCCaptureSession.m; sourceTree = "<group>"; };
/* End PBXFileReference section */

/* Begin PBXFrameworksBuildPhase section */
		C419577F144B376700338631 /* Frameworks */ = {
			isa = PBXFrameworksBuildPhase;
			buildActionMask = 2147483647;
			files = (
				CDB76EDB193E32CB008E92BD /* GLKit.framework in Frameworks */,
				CD79EF191510994100D3AC18 /* Accelerate.framework in Frameworks */,
				CD4D13C4193678F000443E81 /* libdc1394.22.dylib in Frameworks */,
				CD79EF171510992600D3AC18 /* QuartzCore.framework in Frameworks */,
				CD2F95A8192D1773001CB609 /* Syphon.framework in Frameworks */,
				C41957C3144B380900338631 /* OpenGL.framework in Frameworks */,
				C4195787144B376700338631 /* Cocoa.framework in Frameworks */,
			);
			runOnlyForDeploymentPostprocessing = 0;
		};
		C419579F144B376700338631 /* Frameworks */ = {
			isa = PBXFrameworksBuildPhase;
			buildActionMask = 2147483647;
			files = (
				C41957A5144B376700338631 /* SenTestingKit.framework in Frameworks */,
				C41957A6144B376700338631 /* Cocoa.framework in Frameworks */,
			);
			runOnlyForDeploymentPostprocessing = 0;
		};
/* End PBXFrameworksBuildPhase section */

/* Begin PBXGroup section */
		C4121A6E144B3FC90088F701 /* Controller */ = {
			isa = PBXGroup;
			children = (
				CD2F95AA192D180E001CB609 /* StatusItemManager.h */,
				CD2F95AB192D180E001CB609 /* StatusItemManager.m */,
				C4121A76144B41740088F701 /* MainWindowController.h */,
				C4121A77144B41740088F701 /* MainWindowController.m */,
				CDB76ECB193B87FB008E92BD /* SettingsWindowController.h */,
				CDB76ECC193B87FB008E92BD /* SettingsWindowController.m */,
			);
			name = Controller;
			sourceTree = "<group>";
		};
		C4121A6F144B3FCD0088F701 /* View */ = {
			isa = PBXGroup;
			children = (
				C41957BC144B37B000338631 /* KOpenGLView.h */,
				C41957BD144B37B000338631 /* KOpenGLView.m */,
				C4FEFD8C144E063800E2DDB4 /* SimpleServerGLView.h */,
				C4FEFD8D144E063800E2DDB4 /* SimpleServerGLView.m */,
				C4FEFD90144E066500E2DDB4 /* SimpleServerTextureSource.h */,
				CDB76ED1193B9D8C008E92BD /* FeatureControlTableCellView.h */,
				CDB76ED2193B9D8C008E92BD /* FeatureControlTableCellView.m */,
			);
			name = View;
			sourceTree = "<group>";
		};
		C4121A70144B3FD10088F701 /* DC1394 controllers */ = {
			isa = PBXGroup;
			children = (
				C436E59C144CA0FE00CF26C7 /* IIDCCameraController.h */,
				C436E59D144CA0FE00CF26C7 /* IIDCCameraController.m */,
				CD4D13B81933D85000443E81 /* IIDCContext.h */,
				CD4D13B91933D85000443E81 /* IIDCContext.m */,
				CD4D13BB1933DCC100443E81 /* IIDCCamera.h */,
				CD4D13BC1933DCC100443E81 /* IIDCCamera.m */,
				CDD9D3D2193A11EF008DB524 /* IIDCCaptureSession.h */,
				CDD9D3D3193A11EF008DB524 /* IIDCCaptureSession.m */,
				CDB76ED4193BA12D008E92BD /* IIDCCamera+KVO.h */,
				CDB76ED5193BA12D008E92BD /* IIDCCamera+KVO.m */,
				CDB76EDD193E38CD008E92BD /* DC1394FrameUploader.h */,
				CDB76EDE193E38CD008E92BD /* DC1394FrameUploader.m */,
			);
			name = "DC1394 controllers";
			sourceTree = "<group>";
		};
		C4121A71144B3FE00088F701 /* IIDC protocol management */ = {
			isa = PBXGroup;
			children = (
				CDA1F3A41621C43B00D6BCEC /* libdc1394.dylib */,
				C4121A58144B3EFD0088F701 /* TFCapturePixelFormatConversions.h */,
				C4121A57144B3EFD0088F701 /* TFCapturePixelFormatConversions.c */,
				C4121A5B144B3EFD0088F701 /* TFLibDC1394Capture.h */,
				C4121A5C144B3EFD0088F701 /* TFLibDC1394Capture.m */,
				C4121A5D144B3EFD0088F701 /* TFLibDC1394Capture+CIImageFromDc1394Frame.h */,
				C4121A5E144B3EFD0088F701 /* TFLibDC1394Capture+CIImageFromDc1394Frame.m */,
			);
			name = "IIDC protocol management";
			sourceTree = "<group>";
		};
		C4121A72144B40090088F701 /* Misc includes */ = {
			isa = PBXGroup;
			children = (
				C4121A64144B3F150088F701 /* SICError.h */,
				C4121A65144B3F150088F701 /* SICError.m */,
				C4121A59144B3EFD0088F701 /* TFExceptions.h */,
				C4121A5A144B3EFD0088F701 /* TFIncludes.h */,
				C4121A5F144B3EFD0088F701 /* TFLocalization.h */,
				C41957BF144B37BF00338631 /* TFThreadMessagingQueue.h */,
				C41957C0144B37BF00338631 /* TFThreadMessagingQueue.m */,
			);
			name = "Misc includes";
			sourceTree = "<group>";
		};
		C4121A75144B412A0088F701 /* Resources */ = {
			isa = PBXGroup;
			children = (
				CD2F95AD192D1930001CB609 /* shape_red.png */,
				C419579B144B376700338631 /* MainMenu.xib */,
				C4121A73144B41020088F701 /* MainWindowController.xib */,
				CD2F95AF192D29BD001CB609 /* StatusItemMenu.xib */,
				CDB76EC9193B87BB008E92BD /* SettingsWindow.xib */,
			);
			name = Resources;
			sourceTree = "<group>";
		};
		C4195777144B376600338631 = {
			isa = PBXGroup;
			children = (
				C419578C144B376700338631 /* Source */,
				C41957A9144B376700338631 /* SyphonIIDCServerTests */,
				C4121A75144B412A0088F701 /* Resources */,
				C4195785144B376700338631 /* Frameworks */,
				C4195783144B376700338631 /* Products */,
			);
			sourceTree = "<group>";
		};
		C4195783144B376700338631 /* Products */ = {
			isa = PBXGroup;
			children = (
				C4195782144B376700338631 /* SyphonIIDCServer.app */,
				C41957A3144B376700338631 /* SyphonIIDCServerTests.octest */,
			);
			name = Products;
			sourceTree = "<group>";
		};
		C4195785144B376700338631 /* Frameworks */ = {
			isa = PBXGroup;
			children = (
				CDB76EDA193E32CB008E92BD /* GLKit.framework */,
				CD4D151A1937A25900443E81 /* camwire */,
				CD4D13C3193678F000443E81 /* libdc1394.22.dylib */,
				CD4D13BE193678BB00443E81 /* libdc1394.dylib */,
				CD2F95A7192D1773001CB609 /* Syphon.framework */,
				CD79EF181510994100D3AC18 /* Accelerate.framework */,
				CD79EF161510992600D3AC18 /* QuartzCore.framework */,
				CD79EF141510991A00D3AC18 /* Quartz.framework */,
				C41957C2144B380900338631 /* OpenGL.framework */,
				C4195786144B376700338631 /* Cocoa.framework */,
				C41957A4144B376700338631 /* SenTestingKit.framework */,
				C4195788144B376700338631 /* Other Frameworks */,
			);
			name = Frameworks;
			sourceTree = "<group>";
		};
		C4195788144B376700338631 /* Other Frameworks */ = {
			isa = PBXGroup;
			children = (
				C4195789144B376700338631 /* AppKit.framework */,
				C419578B144B376700338631 /* Foundation.framework */,
			);
			name = "Other Frameworks";
			sourceTree = "<group>";
		};
		C419578C144B376700338631 /* Source */ = {
			isa = PBXGroup;
			children = (
				C436E591144C91C900CF26C7 /* CoreVideo and OpenGL convenience classes */,
				C4121A71144B3FE00088F701 /* IIDC protocol management */,
				C4121A70144B3FD10088F701 /* DC1394 controllers */,
				C4121A6F144B3FCD0088F701 /* View */,
				C4121A6E144B3FC90088F701 /* Controller */,
				C4195798144B376700338631 /* SyIIDCAppDelegate.h */,
				C4195799144B376700338631 /* SyIIDCAppDelegate.m */,
				C4121A72144B40090088F701 /* Misc includes */,
				C419578D144B376700338631 /* Supporting Files */,
				CDB76ED7193BA51E008E92BD /* NSStringToNSNumberValueTransformer.h */,
				CDB76ED8193BA51E008E92BD /* NSStringToNSNumberValueTransformer.m */,
			);
			name = Source;
			path = SyphonIIDCServer;
			sourceTree = "<group>";
		};
		C419578D144B376700338631 /* Supporting Files */ = {
			isa = PBXGroup;
			children = (
				C419578E144B376700338631 /* SyphonIIDCServer-Info.plist */,
				C419578F144B376700338631 /* InfoPlist.strings */,
				C4195792144B376700338631 /* main.m */,
				C4195794144B376700338631 /* SyphonIIDCServer-Prefix.pch */,
				C4195795144B376700338631 /* Credits.rtf */,
			);
			name = "Supporting Files";
			sourceTree = "<group>";
		};
		C41957A9144B376700338631 /* SyphonIIDCServerTests */ = {
			isa = PBXGroup;
			children = (
				C41957AF144B376700338631 /* SyphonIIDCServerTests.h */,
				C41957B0144B376700338631 /* SyphonIIDCServerTests.m */,
				C41957AA144B376700338631 /* Supporting Files */,
			);
			path = SyphonIIDCServerTests;
			sourceTree = "<group>";
		};
		C41957AA144B376700338631 /* Supporting Files */ = {
			isa = PBXGroup;
			children = (
				C41957AB144B376700338631 /* SyphonIIDCServerTests-Info.plist */,
				C41957AC144B376700338631 /* InfoPlist.strings */,
			);
			name = "Supporting Files";
			sourceTree = "<group>";
		};
		C436E591144C91C900CF26C7 /* CoreVideo and OpenGL convenience classes */ = {
			isa = PBXGroup;
			children = (
				C436E593144C91DE00CF26C7 /* KCanvas.h */,
				C436E594144C91DE00CF26C7 /* KCanvas.m */,
				C436E595144C91DE00CF26C7 /* KCVBufferPool.h */,
				C436E596144C91DE00CF26C7 /* KCVBufferPool.m */,
				C436E599144C925B00CF26C7 /* KBO.h */,
				C436E59A144C925B00CF26C7 /* KBO.m */,
			);
			name = "CoreVideo and OpenGL convenience classes";
			sourceTree = "<group>";
		};
		CD4D151A1937A25900443E81 /* camwire */ = {
			isa = PBXGroup;
			children = (
				CD4D151B1937A25900443E81 /* camwire.c */,
				CD4D151C1937A25900443E81 /* camwire.h */,
				CD4D151D1937A25900443E81 /* camwire_config.h */,
				CD4D151E1937A25900443E81 /* camwire_config.h.in */,
				CD4D151F1937A25900443E81 /* camwire_handle.h */,
				CD4D15201937A25900443E81 /* camwirebus.c */,
				CD4D15211937A25900443E81 /* camwirebus.h */,
				CD4D15221937A25900443E81 /* camwiremacros.h */,
				CD4D15231937A25900443E81 /* CMakeLists.txt */,
			);
			name = camwire;
			path = Frameworks/camwire/camwire;
			sourceTree = "<group>";
		};
/* End PBXGroup section */

/* Begin PBXNativeTarget section */
		C4195781144B376700338631 /* SyphonIIDCServer */ = {
			isa = PBXNativeTarget;
			buildConfigurationList = C41957B4144B376700338631 /* Build configuration list for PBXNativeTarget "SyphonIIDCServer" */;
			buildPhases = (
				C419577E144B376700338631 /* Sources */,
				C4195780144B376700338631 /* Resources */,
				C48705C5144CBAE700B5A460 /* Copy Frameworks */,
				C419577F144B376700338631 /* Frameworks */,
			);
			buildRules = (
			);
			dependencies = (
			);
			name = SyphonIIDCServer;
			productName = SyphonIIDCServer;
			productReference = C4195782144B376700338631 /* SyphonIIDCServer.app */;
			productType = "com.apple.product-type.application";
		};
		C41957A2144B376700338631 /* SyphonIIDCServerTests */ = {
			isa = PBXNativeTarget;
			buildConfigurationList = C41957B7144B376700338631 /* Build configuration list for PBXNativeTarget "SyphonIIDCServerTests" */;
			buildPhases = (
				C419579E144B376700338631 /* Sources */,
				C419579F144B376700338631 /* Frameworks */,
				C41957A0144B376700338631 /* Resources */,
				C41957A1144B376700338631 /* ShellScript */,
			);
			buildRules = (
			);
			dependencies = (
				C41957A8144B376700338631 /* PBXTargetDependency */,
			);
			name = SyphonIIDCServerTests;
			productName = SyphonIIDCServerTests;
			productReference = C41957A3144B376700338631 /* SyphonIIDCServerTests.octest */;
			productType = "com.apple.product-type.bundle";
		};
/* End PBXNativeTarget section */

/* Begin PBXProject section */
		C4195779144B376600338631 /* Project object */ = {
			isa = PBXProject;
			attributes = {
				LastTestingUpgradeCheck = 0510;
				LastUpgradeCheck = 0510;
			};
			buildConfigurationList = C419577C144B376600338631 /* Build configuration list for PBXProject "SyphonIIDCServer" */;
			compatibilityVersion = "Xcode 3.2";
			developmentRegion = English;
			hasScannedForEncodings = 0;
			knownRegions = (
				en,
			);
			mainGroup = C4195777144B376600338631;
			productRefGroup = C4195783144B376700338631 /* Products */;
			projectDirPath = "";
			projectRoot = "";
			targets = (
				C4195781144B376700338631 /* SyphonIIDCServer */,
				C41957A2144B376700338631 /* SyphonIIDCServerTests */,
			);
		};
/* End PBXProject section */

/* Begin PBXResourcesBuildPhase section */
		C4195780144B376700338631 /* Resources */ = {
			isa = PBXResourcesBuildPhase;
			buildActionMask = 2147483647;
			files = (
				C4195791144B376700338631 /* InfoPlist.strings in Resources */,
				CD2F95B0192D29BD001CB609 /* StatusItemMenu.xib in Resources */,
				CDB76ECA193B87BB008E92BD /* SettingsWindow.xib in Resources */,
				C4195797144B376700338631 /* Credits.rtf in Resources */,
				CD2F95AE192D1930001CB609 /* shape_red.png in Resources */,
				C419579D144B376700338631 /* MainMenu.xib in Resources */,
				C4121A74144B41020088F701 /* MainWindowController.xib in Resources */,
			);
			runOnlyForDeploymentPostprocessing = 0;
		};
		C41957A0144B376700338631 /* Resources */ = {
			isa = PBXResourcesBuildPhase;
			buildActionMask = 2147483647;
			files = (
				C41957AE144B376700338631 /* InfoPlist.strings in Resources */,
			);
			runOnlyForDeploymentPostprocessing = 0;
		};
/* End PBXResourcesBuildPhase section */

/* Begin PBXShellScriptBuildPhase section */
		C41957A1144B376700338631 /* ShellScript */ = {
			isa = PBXShellScriptBuildPhase;
			buildActionMask = 2147483647;
			files = (
			);
			inputPaths = (
			);
			outputPaths = (
			);
			runOnlyForDeploymentPostprocessing = 0;
			shellPath = /bin/sh;
			shellScript = "# Run the unit tests in this test bundle.\n\"${SYSTEM_DEVELOPER_DIR}/Tools/RunUnitTests\"\n";
		};
/* End PBXShellScriptBuildPhase section */

/* Begin PBXSourcesBuildPhase section */
		C419577E144B376700338631 /* Sources */ = {
			isa = PBXSourcesBuildPhase;
			buildActionMask = 2147483647;
			files = (
				CDB76ED3193B9D8C008E92BD /* FeatureControlTableCellView.m in Sources */,
				CD2F95AC192D180E001CB609 /* StatusItemManager.m in Sources */,
				CDB76ED6193BA12D008E92BD /* IIDCCamera+KVO.m in Sources */,
				C4195793144B376700338631 /* main.m in Sources */,
				C419579A144B376700338631 /* SyIIDCAppDelegate.m in Sources */,
				C41957BE144B37B000338631 /* KOpenGLView.m in Sources */,
				C41957C1144B37BF00338631 /* TFThreadMessagingQueue.m in Sources */,
				C4121A61144B3EFD0088F701 /* TFCapturePixelFormatConversions.c in Sources */,
				CD4D13BA1933D85000443E81 /* IIDCContext.m in Sources */,
				CDB76ECD193B87FB008E92BD /* SettingsWindowController.m in Sources */,
				C4121A62144B3EFD0088F701 /* TFLibDC1394Capture.m in Sources */,
				C4121A63144B3EFD0088F701 /* TFLibDC1394Capture+CIImageFromDc1394Frame.m in Sources */,
				CDB76ED9193BA51E008E92BD /* NSStringToNSNumberValueTransformer.m in Sources */,
				C4121A66144B3F150088F701 /* SICError.m in Sources */,
				C4121A78144B41740088F701 /* MainWindowController.m in Sources */,
				C436E597144C91DE00CF26C7 /* KCanvas.m in Sources */,
				CD4D13BD1933DCC100443E81 /* IIDCCamera.m in Sources */,
				C436E598144C91DE00CF26C7 /* KCVBufferPool.m in Sources */,
				CDD9D3D4193A11EF008DB524 /* IIDCCaptureSession.m in Sources */,
				C436E59B144C925B00CF26C7 /* KBO.m in Sources */,
				C436E59E144CA0FE00CF26C7 /* IIDCCameraController.m in Sources */,
				CDB76EDF193E38CD008E92BD /* DC1394FrameUploader.m in Sources */,
				C4FEFD8E144E063800E2DDB4 /* SimpleServerGLView.m in Sources */,
			);
			runOnlyForDeploymentPostprocessing = 0;
		};
		C419579E144B376700338631 /* Sources */ = {
			isa = PBXSourcesBuildPhase;
			buildActionMask = 2147483647;
			files = (
				C41957B1144B376700338631 /* SyphonIIDCServerTests.m in Sources */,
			);
			runOnlyForDeploymentPostprocessing = 0;
		};
/* End PBXSourcesBuildPhase section */

/* Begin PBXTargetDependency section */
		C41957A8144B376700338631 /* PBXTargetDependency */ = {
			isa = PBXTargetDependency;
			target = C4195781144B376700338631 /* SyphonIIDCServer */;
			targetProxy = C41957A7144B376700338631 /* PBXContainerItemProxy */;
		};
/* End PBXTargetDependency section */

/* Begin PBXVariantGroup section */
		C419578F144B376700338631 /* InfoPlist.strings */ = {
			isa = PBXVariantGroup;
			children = (
				C4195790144B376700338631 /* en */,
			);
			name = InfoPlist.strings;
			sourceTree = "<group>";
		};
		C4195795144B376700338631 /* Credits.rtf */ = {
			isa = PBXVariantGroup;
			children = (
				C4195796144B376700338631 /* en */,
			);
			name = Credits.rtf;
			sourceTree = "<group>";
		};
		C419579B144B376700338631 /* MainMenu.xib */ = {
			isa = PBXVariantGroup;
			children = (
				C419579C144B376700338631 /* en */,
			);
			name = MainMenu.xib;
			path = SyphonIIDCServer;
			sourceTree = "<group>";
		};
		C41957AC144B376700338631 /* InfoPlist.strings */ = {
			isa = PBXVariantGroup;
			children = (
				C41957AD144B376700338631 /* en */,
			);
			name = InfoPlist.strings;
			sourceTree = "<group>";
		};
/* End PBXVariantGroup section */

/* Begin XCBuildConfiguration section */
		C41957B2144B376700338631 /* Debug */ = {
			isa = XCBuildConfiguration;
			buildSettings = {
				ALWAYS_SEARCH_USER_PATHS = NO;
				CLANG_WARN_BOOL_CONVERSION = YES;
				CLANG_WARN_CONSTANT_CONVERSION = YES;
				CLANG_WARN_EMPTY_BODY = YES;
				CLANG_WARN_ENUM_CONVERSION = YES;
				CLANG_WARN_INT_CONVERSION = YES;
				CLANG_WARN__DUPLICATE_METHOD_MATCH = YES;
				COPY_PHASE_STRIP = NO;
				GCC_C_LANGUAGE_STANDARD = gnu99;
				GCC_DYNAMIC_NO_PIC = NO;
				GCC_ENABLE_OBJC_EXCEPTIONS = YES;
				GCC_OPTIMIZATION_LEVEL = 0;
				GCC_PREPROCESSOR_DEFINITIONS = (
					"DEBUG=1",
					"$(inherited)",
				);
				GCC_SYMBOLS_PRIVATE_EXTERN = NO;
				GCC_VERSION = "";
				GCC_WARN_64_TO_32_BIT_CONVERSION = YES;
				GCC_WARN_ABOUT_MISSING_PROTOTYPES = YES;
				GCC_WARN_ABOUT_RETURN_TYPE = YES;
				GCC_WARN_UNDECLARED_SELECTOR = YES;
				GCC_WARN_UNINITIALIZED_AUTOS = YES;
				GCC_WARN_UNUSED_FUNCTION = YES;
				GCC_WARN_UNUSED_VARIABLE = YES;
				MACOSX_DEPLOYMENT_TARGET = 10.7;
				ONLY_ACTIVE_ARCH = YES;
				SDKROOT = macosx;
			};
			name = Debug;
		};
		C41957B3144B376700338631 /* Release */ = {
			isa = XCBuildConfiguration;
			buildSettings = {
				ALWAYS_SEARCH_USER_PATHS = NO;
				CLANG_WARN_BOOL_CONVERSION = YES;
				CLANG_WARN_CONSTANT_CONVERSION = YES;
				CLANG_WARN_EMPTY_BODY = YES;
				CLANG_WARN_ENUM_CONVERSION = YES;
				CLANG_WARN_INT_CONVERSION = YES;
				CLANG_WARN__DUPLICATE_METHOD_MATCH = YES;
				COPY_PHASE_STRIP = YES;
				DEBUG_INFORMATION_FORMAT = "dwarf-with-dsym";
				GCC_C_LANGUAGE_STANDARD = gnu99;
				GCC_ENABLE_OBJC_EXCEPTIONS = YES;
				GCC_VERSION = "";
				GCC_WARN_64_TO_32_BIT_CONVERSION = YES;
				GCC_WARN_ABOUT_MISSING_PROTOTYPES = YES;
				GCC_WARN_ABOUT_RETURN_TYPE = YES;
				GCC_WARN_UNDECLARED_SELECTOR = YES;
				GCC_WARN_UNINITIALIZED_AUTOS = YES;
				GCC_WARN_UNUSED_FUNCTION = YES;
				GCC_WARN_UNUSED_VARIABLE = YES;
				MACOSX_DEPLOYMENT_TARGET = 10.7;
				SDKROOT = macosx;
			};
			name = Release;
		};
		C41957B5144B376700338631 /* Debug */ = {
			isa = XCBuildConfiguration;
			buildSettings = {
				ALWAYS_SEARCH_USER_PATHS = YES;
				CLANG_ENABLE_OBJC_ARC = YES;
				COMBINE_HIDPI_IMAGES = YES;
				FRAMEWORK_SEARCH_PATHS = (
					"$(inherited)",
					"$(SRCROOT)",
					"$(PROJECT_DIR)",
					"$(PROJECT_DIR)/Frameworks",
				);
				GCC_PRECOMPILE_PREFIX_HEADER = YES;
				GCC_PREFIX_HEADER = "SyphonIIDCServer/SyphonIIDCServer-Prefix.pch";
				INFOPLIST_FILE = "SyphonIIDCServer/SyphonIIDCServer-Info.plist";
				LIBRARY_SEARCH_PATHS = (
					"\"$(SRCROOT)/Frameworks\"",
					"$(PROJECT_DIR)/Frameworks/libdc1394",
					"$(PROJECT_DIR)/Frameworks/camwire/build/camwire/Debug",
				);
				MACOSX_DEPLOYMENT_TARGET = 10.7;
				PRODUCT_NAME = "$(TARGET_NAME)";
				SDKROOT = macosx;
				USER_HEADER_SEARCH_PATHS = "${SRCROOT}/Frameworks/libdc1394 ${SRCROOT}/Frameworks/Syphon.framework/Headers ${SRCROOT}/Frameworks/camwire";
				VALID_ARCHS = x86_64;
				WRAPPER_EXTENSION = app;
			};
			name = Debug;
		};
		C41957B6144B376700338631 /* Release */ = {
			isa = XCBuildConfiguration;
			buildSettings = {
				ALWAYS_SEARCH_USER_PATHS = YES;
				CLANG_ENABLE_OBJC_ARC = YES;
				COMBINE_HIDPI_IMAGES = YES;
				FRAMEWORK_SEARCH_PATHS = (
					"$(inherited)",
					"$(SRCROOT)",
					"$(PROJECT_DIR)",
					"$(PROJECT_DIR)/Frameworks",
				);
				GCC_PRECOMPILE_PREFIX_HEADER = YES;
				GCC_PREFIX_HEADER = "SyphonIIDCServer/SyphonIIDCServer-Prefix.pch";
				INFOPLIST_FILE = "SyphonIIDCServer/SyphonIIDCServer-Info.plist";
				LIBRARY_SEARCH_PATHS = (
					"\"$(SRCROOT)/Frameworks\"",
					"$(PROJECT_DIR)/Frameworks/libdc1394",
					"$(PROJECT_DIR)/Frameworks/camwire/build/camwire/Debug",
				);
				MACOSX_DEPLOYMENT_TARGET = 10.7;
				PRODUCT_NAME = "$(TARGET_NAME)";
				SDKROOT = macosx;
				USER_HEADER_SEARCH_PATHS = "${SRCROOT}/Frameworks/libdc1394 ${SRCROOT}/Frameworks/Syphon.framework/Headers ${SRCROOT}/Frameworks/camwire";
				VALID_ARCHS = x86_64;
				WRAPPER_EXTENSION = app;
			};
			name = Release;
		};
		C41957B8144B376700338631 /* Debug */ = {
			isa = XCBuildConfiguration;
			buildSettings = {
				BUNDLE_LOADER = "$(BUILT_PRODUCTS_DIR)/SyphonIIDCServer.app/Contents/MacOS/SyphonIIDCServer";
				COMBINE_HIDPI_IMAGES = YES;
				FRAMEWORK_SEARCH_PATHS = "$(DEVELOPER_LIBRARY_DIR)/Frameworks";
				GCC_PRECOMPILE_PREFIX_HEADER = YES;
				GCC_PREFIX_HEADER = "SyphonIIDCServer/SyphonIIDCServer-Prefix.pch";
				INFOPLIST_FILE = "SyphonIIDCServerTests/SyphonIIDCServerTests-Info.plist";
				PRODUCT_NAME = "$(TARGET_NAME)";
				TEST_HOST = "$(BUNDLE_LOADER)";
				WRAPPER_EXTENSION = octest;
			};
			name = Debug;
		};
		C41957B9144B376700338631 /* Release */ = {
			isa = XCBuildConfiguration;
			buildSettings = {
				BUNDLE_LOADER = "$(BUILT_PRODUCTS_DIR)/SyphonIIDCServer.app/Contents/MacOS/SyphonIIDCServer";
				COMBINE_HIDPI_IMAGES = YES;
				FRAMEWORK_SEARCH_PATHS = "$(DEVELOPER_LIBRARY_DIR)/Frameworks";
				GCC_PRECOMPILE_PREFIX_HEADER = YES;
				GCC_PREFIX_HEADER = "SyphonIIDCServer/SyphonIIDCServer-Prefix.pch";
				INFOPLIST_FILE = "SyphonIIDCServerTests/SyphonIIDCServerTests-Info.plist";
				PRODUCT_NAME = "$(TARGET_NAME)";
				TEST_HOST = "$(BUNDLE_LOADER)";
				WRAPPER_EXTENSION = octest;
			};
			name = Release;
		};
/* End XCBuildConfiguration section */

/* Begin XCConfigurationList section */
		C419577C144B376600338631 /* Build configuration list for PBXProject "SyphonIIDCServer" */ = {
			isa = XCConfigurationList;
			buildConfigurations = (
				C41957B2144B376700338631 /* Debug */,
				C41957B3144B376700338631 /* Release */,
			);
			defaultConfigurationIsVisible = 0;
			defaultConfigurationName = Release;
		};
		C41957B4144B376700338631 /* Build configuration list for PBXNativeTarget "SyphonIIDCServer" */ = {
			isa = XCConfigurationList;
			buildConfigurations = (
				C41957B5144B376700338631 /* Debug */,
				C41957B6144B376700338631 /* Release */,
			);
			defaultConfigurationIsVisible = 0;
			defaultConfigurationName = Release;
		};
		C41957B7144B376700338631 /* Build configuration list for PBXNativeTarget "SyphonIIDCServerTests" */ = {
			isa = XCConfigurationList;
			buildConfigurations = (
				C41957B8144B376700338631 /* Debug */,
				C41957B9144B376700338631 /* Release */,
			);
			defaultConfigurationIsVisible = 0;
			defaultConfigurationName = Release;
		};
/* End XCConfigurationList section */
	};
	rootObject = C4195779144B376600338631 /* Project object */;
}
